github.com/robbiet480/cec v0.0.0-20170104052812-592c60b6f37e h1:12kW5zwL72PUutHi8g3cpE62whvF6K9tczpe3/YdioU=
github.com/robbiet480/cec v0.0.0-20170104052812-592c60b6f37e/go.mod h1:ctHSD4+vehR6NxDhsDALp7E3ZhlXBUiiX6SOsFMe3OY=
github.com/sashko/go-uinput v0.0.0-20200718185411-c753d6644126 h1:qLZdeSxl2fgjTlG/Rwosm+zdTuwte+WvwH61S6XMTjA=
github.com/sashko/go-uinput v0.0.0-20200718185411-c753d6644126/go.mod h1:5XNvpYRRmWADwhphlimZLWP70oEL1f54E4Guo20fvV4=
